
Microsoft Visual Studio Solution File, Format Version 11.00
# Visual Studio 2010
Project("{FAE04EC0-301F-11D3-BF4B-00C04F79EFBC}") = "UnityEngine.TestRunner", "UnityEngine.TestRunner.csproj", "{6557c585-68fa-a541-05f2-b36a4bdc3dd7}"
EndProject
Project("{FAE04EC0-301F-11D3-BF4B-00C04F79EFBC}") = "UnityEngine.UI", "UnityEngine.UI.csproj", "{260a68fb-b5a2-ea9a-6706-042940b72924}"
EndProject
Project("{FAE04EC0-301F-11D3-BF4B-00C04F79EFBC}") = "Unity.VisualScripting.Flow", "Unity.VisualScripting.Flow.csproj", "{a36c95e0-ced6-aba0-5203-83d27a1e2e9d}"
EndProject
Project("{FAE04EC0-301F-11D3-BF4B-00C04F79EFBC}") = "Unity.Services.Core.Telemetry", "Unity.Services.Core.Telemetry.csproj", "{e37d57a9-c4a8-b60d-5a88-7d39ae9b932e}"
EndProject
Project("{FAE04EC0-301F-11D3-BF4B-00C04F79EFBC}") = "Unity.VisualScripting.State", "Unity.VisualScripting.State.csproj", "{1b771b49-ef1d-5f2d-ace5-4bd01f984e41}"
EndProject
Project("{FAE04EC0-301F-11D3-BF4B-00C04F79EFBC}") = "Unity.VisualScripting.Core", "Unity.VisualScripting.Core.csproj", "{7102fca5-08e6-ef4f-be41-c0d7d68d5294}"
EndProject
Project("{FAE04EC0-301F-11D3-BF4B-00C04F79EFBC}") = "Unity.Services.Core.Environments.Internal", "Unity.Services.Core.Environments.Internal.csproj", "{075a6c89-28bc-3bbf-6b9a-c4759354887d}"
EndProject
Project("{FAE04EC0-301F-11D3-BF4B-00C04F79EFBC}") = "Unity.TextMeshPro", "Unity.TextMeshPro.csproj", "{ee4dbc79-502d-506a-6b02-96d589719e9d}"
EndProject
Project("{FAE04EC0-301F-11D3-BF4B-00C04F79EFBC}") = "Assembly-CSharp", "Assembly-CSharp.csproj", "{ed026a3d-c154-6142-d594-89a54ba23f8a}"
EndProject
Project("{FAE04EC0-301F-11D3-BF4B-00C04F79EFBC}") = "Cinemachine", "Cinemachine.csproj", "{8fa466d1-5a9c-d567-67c6-c1deb09aa5bd}"
EndProject
Project("{FAE04EC0-301F-11D3-BF4B-00C04F79EFBC}") = "Unity.Timeline", "Unity.Timeline.csproj", "{e415b8df-8e69-faca-1451-30c4c722f101}"
EndProject
Project("{FAE04EC0-301F-11D3-BF4B-00C04F79EFBC}") = "Unity.Services.Core", "Unity.Services.Core.csproj", "{157d3008-ea34-0b6a-b82d-59eebfa89cef}"
EndProject
Project("{FAE04EC0-301F-11D3-BF4B-00C04F79EFBC}") = "Unity.Services.Core.Environments", "Unity.Services.Core.Environments.csproj", "{ecbee095-6b03-691c-3dff-ee16dcd1d2ac}"
EndProject
Project("{FAE04EC0-301F-11D3-BF4B-00C04F79EFBC}") = "Unity.Services.Core.Internal", "Unity.Services.Core.Internal.csproj", "{4a29e264-4f2c-fe3e-0530-a4efa7c7dca4}"
EndProject
Project("{FAE04EC0-301F-11D3-BF4B-00C04F79EFBC}") = "Unity.Services.Core.Analytics", "Unity.Services.Core.Analytics.csproj", "{36fb69f0-5329-fa37-fe26-d522299ca6a8}"
EndProject
Project("{FAE04EC0-301F-11D3-BF4B-00C04F79EFBC}") = "Unity.Services.Core.Scheduler", "Unity.Services.Core.Scheduler.csproj", "{3a7965fa-126b-ad5a-c66c-00e7ea4422de}"
EndProject
Project("{FAE04EC0-301F-11D3-BF4B-00C04F79EFBC}") = "Unity.Services.Core.Registration", "Unity.Services.Core.Registration.csproj", "{fe9acee8-321e-5496-eb2f-ee7053209c13}"
EndProject
Project("{FAE04EC0-301F-11D3-BF4B-00C04F79EFBC}") = "Unity.Services.Core.Device", "Unity.Services.Core.Device.csproj", "{2ba0b3f3-2ac9-635b-4a74-1f99f9c5944f}"
EndProject
Project("{FAE04EC0-301F-11D3-BF4B-00C04F79EFBC}") = "Unity.Services.Core.Threading", "Unity.Services.Core.Threading.csproj", "{83e20bac-d02f-d726-e5ef-f52452a99eda}"
EndProject
Project("{FAE04EC0-301F-11D3-BF4B-00C04F79EFBC}") = "Unity.Services.Core.Networking", "Unity.Services.Core.Networking.csproj", "{b9400b85-f616-d4b8-7d7f-c72c9487fbc6}"
EndProject
Project("{FAE04EC0-301F-11D3-BF4B-00C04F79EFBC}") = "Unity.Services.Core.Configuration", "Unity.Services.Core.Configuration.csproj", "{619dcd18-3e66-760b-d198-3e255a86dcb7}"
EndProject
Project("{FAE04EC0-301F-11D3-BF4B-00C04F79EFBC}") = "Unity.PlasticSCM.Editor", "Unity.PlasticSCM.Editor.csproj", "{f939a22b-5e96-df99-c8b1-d619acaeda5d}"
EndProject
Project("{FAE04EC0-301F-11D3-BF4B-00C04F79EFBC}") = "Unity.VisualScripting.Core.Editor", "Unity.VisualScripting.Core.Editor.csproj", "{25bfd473-6490-98e5-3594-e7855c4916a4}"
EndProject
Project("{FAE04EC0-301F-11D3-BF4B-00C04F79EFBC}") = "Unity.VisualScripting.Flow.Editor", "Unity.VisualScripting.Flow.Editor.csproj", "{2ab71e49-81a4-fe7e-5064-7e9867b945e1}"
EndProject
Project("{FAE04EC0-301F-11D3-BF4B-00C04F79EFBC}") = "Unity.VisualStudio.Editor", "Unity.VisualStudio.Editor.csproj", "{cb26b78b-f65c-ac8a-67fd-652328808cdc}"
EndProject
Project("{FAE04EC0-301F-11D3-BF4B-00C04F79EFBC}") = "Unity.Timeline.Editor", "Unity.Timeline.Editor.csproj", "{e0e6e7fb-d164-5652-f542-ea74da64256a}"
EndProject
Project("{FAE04EC0-301F-11D3-BF4B-00C04F79EFBC}") = "com.unity.cinemachine.editor", "com.unity.cinemachine.editor.csproj", "{c91a25d2-3ee0-2fae-a2a2-a434f4cf89ba}"
EndProject
Project("{FAE04EC0-301F-11D3-BF4B-00C04F79EFBC}") = "Unity.VisualScripting.State.Editor", "Unity.VisualScripting.State.Editor.csproj", "{36d7b44f-1e4a-9ab0-491a-7e9b5564f810}"
EndProject
Project("{FAE04EC0-301F-11D3-BF4B-00C04F79EFBC}") = "Unity.TextMeshPro.Editor", "Unity.TextMeshPro.Editor.csproj", "{9f76ce5b-602b-3708-6cda-78dd32194681}"
EndProject
Project("{FAE04EC0-301F-11D3-BF4B-00C04F79EFBC}") = "Unity.VisualScripting.SettingsProvider.Editor", "Unity.VisualScripting.SettingsProvider.Editor.csproj", "{fc70ef82-f02c-a9e5-5b53-dccf0e5cbcc4}"
EndProject
Project("{FAE04EC0-301F-11D3-BF4B-00C04F79EFBC}") = "Unity.CollabProxy.Editor", "Unity.CollabProxy.Editor.csproj", "{0e96a549-667e-8dfc-25cb-74a4bfefeecf}"
EndProject
Project("{FAE04EC0-301F-11D3-BF4B-00C04F79EFBC}") = "UnityEditor.TestRunner", "UnityEditor.TestRunner.csproj", "{b8e20881-d6f7-c1b2-e772-97996afb1884}"
EndProject
Project("{FAE04EC0-301F-11D3-BF4B-00C04F79EFBC}") = "Unity.Services.Core.Editor", "Unity.Services.Core.Editor.csproj", "{73638425-0cf2-7d07-838b-54b8eac1ec1e}"
EndProject
Project("{FAE04EC0-301F-11D3-BF4B-00C04F79EFBC}") = "Unity.TestTools.CodeCoverage.Editor", "Unity.TestTools.CodeCoverage.Editor.csproj", "{c18a1920-84ca-dd5d-cd15-1874a4db352a}"
EndProject
Project("{FAE04EC0-301F-11D3-BF4B-00C04F79EFBC}") = "Unity.Rider.Editor", "Unity.Rider.Editor.csproj", "{719341be-1d9d-c9ac-5309-555fc4cb8055}"
EndProject
Project("{FAE04EC0-301F-11D3-BF4B-00C04F79EFBC}") = "Unity.Performance.Profile-Analyzer.Editor", "Unity.Performance.Profile-Analyzer.Editor.csproj", "{7b704a3e-c89f-b1e8-0d3d-1bd64327350e}"
EndProject
Project("{FAE04EC0-301F-11D3-BF4B-00C04F79EFBC}") = "Unity.VSCode.Editor", "Unity.VSCode.Editor.csproj", "{8256f71e-c598-97b0-a741-0615eded65c1}"
EndProject
Project("{FAE04EC0-301F-11D3-BF4B-00C04F79EFBC}") = "UnityEditor.UI", "UnityEditor.UI.csproj", "{67006d50-8a2e-c4b6-eebd-e8a6735d4981}"
EndProject
Project("{FAE04EC0-301F-11D3-BF4B-00C04F79EFBC}") = "Unity.TestTools.CodeCoverage.Editor.OpenCover.Model", "Unity.TestTools.CodeCoverage.Editor.OpenCover.Model.csproj", "{8150078f-5fb2-ef69-1037-6737c0926219}"
EndProject
Project("{FAE04EC0-301F-11D3-BF4B-00C04F79EFBC}") = "Unity.EditorCoroutines.Editor", "Unity.EditorCoroutines.Editor.csproj", "{2846f80d-e228-1707-d296-e7ec3c9745fd}"
EndProject
Project("{FAE04EC0-301F-11D3-BF4B-00C04F79EFBC}") = "Unity.Settings.Editor", "Unity.Settings.Editor.csproj", "{9e79da16-2c3f-fc68-ed16-59d0a43fc83d}"
EndProject
Project("{FAE04EC0-301F-11D3-BF4B-00C04F79EFBC}") = "Unity.Services.Core.Configuration.Editor", "Unity.Services.Core.Configuration.Editor.csproj", "{3821cf9b-dc9a-ad08-f5fe-28b47d5002d3}"
EndProject
Project("{FAE04EC0-301F-11D3-BF4B-00C04F79EFBC}") = "Unity.TestTools.CodeCoverage.Editor.OpenCover.Mono.Reflection", "Unity.TestTools.CodeCoverage.Editor.OpenCover.Mono.Reflection.csproj", "{82f589d7-77d0-6870-a8f6-075db27418f1}"
EndProject
Project("{FAE04EC0-301F-11D3-BF4B-00C04F79EFBC}") = "Unity.VisualScripting.Shared.Editor", "Unity.VisualScripting.Shared.Editor.csproj", "{14da8797-423d-3317-010d-5d1cf9b29741}"
EndProject
Global
	GlobalSection(SolutionConfigurationPlatforms) = preSolution
		Debug|Any CPU = Debug|Any CPU
	EndGlobalSection
	GlobalSection(ProjectConfigurationPlatforms) = postSolution
		{6557c585-68fa-a541-05f2-b36a4bdc3dd7}.Debug|Any CPU.ActiveCfg = Debug|Any CPU
		{6557c585-68fa-a541-05f2-b36a4bdc3dd7}.Debug|Any CPU.Build.0 = Debug|Any CPU
		{260a68fb-b5a2-ea9a-6706-042940b72924}.Debug|Any CPU.ActiveCfg = Debug|Any CPU
		{260a68fb-b5a2-ea9a-6706-042940b72924}.Debug|Any CPU.Build.0 = Debug|Any CPU
		{a36c95e0-ced6-aba0-5203-83d27a1e2e9d}.Debug|Any CPU.ActiveCfg = Debug|Any CPU
		{a36c95e0-ced6-aba0-5203-83d27a1e2e9d}.Debug|Any CPU.Build.0 = Debug|Any CPU
		{e37d57a9-c4a8-b60d-5a88-7d39ae9b932e}.Debug|Any CPU.ActiveCfg = Debug|Any CPU
		{e37d57a9-c4a8-b60d-5a88-7d39ae9b932e}.Debug|Any CPU.Build.0 = Debug|Any CPU
		{1b771b49-ef1d-5f2d-ace5-4bd01f984e41}.Debug|Any CPU.ActiveCfg = Debug|Any CPU
		{1b771b49-ef1d-5f2d-ace5-4bd01f984e41}.Debug|Any CPU.Build.0 = Debug|Any CPU
		{7102fca5-08e6-ef4f-be41-c0d7d68d5294}.Debug|Any CPU.ActiveCfg = Debug|Any CPU
		{7102fca5-08e6-ef4f-be41-c0d7d68d5294}.Debug|Any CPU.Build.0 = Debug|Any CPU
		{075a6c89-28bc-3bbf-6b9a-c4759354887d}.Debug|Any CPU.ActiveCfg = Debug|Any CPU
		{075a6c89-28bc-3bbf-6b9a-c4759354887d}.Debug|Any CPU.Build.0 = Debug|Any CPU
		{ee4dbc79-502d-506a-6b02-96d589719e9d}.Debug|Any CPU.ActiveCfg = Debug|Any CPU
		{ee4dbc79-502d-506a-6b02-96d589719e9d}.Debug|Any CPU.Build.0 = Debug|Any CPU
		{ed026a3d-c154-6142-d594-89a54ba23f8a}.Debug|Any CPU.ActiveCfg = Debug|Any CPU
		{ed026a3d-c154-6142-d594-89a54ba23f8a}.Debug|Any CPU.Build.0 = Debug|Any CPU
		{8fa466d1-5a9c-d567-67c6-c1deb09aa5bd}.Debug|Any CPU.ActiveCfg = Debug|Any CPU
		{8fa466d1-5a9c-d567-67c6-c1deb09aa5bd}.Debug|Any CPU.Build.0 = Debug|Any CPU
		{e415b8df-8e69-faca-1451-30c4c722f101}.Debug|Any CPU.ActiveCfg = Debug|Any CPU
		{e415b8df-8e69-faca-1451-30c4c722f101}.Debug|Any CPU.Build.0 = Debug|Any CPU
		{157d3008-ea34-0b6a-b82d-59eebfa89cef}.Debug|Any CPU.ActiveCfg = Debug|Any CPU
		{157d3008-ea34-0b6a-b82d-59eebfa89cef}.Debug|Any CPU.Build.0 = Debug|Any CPU
		{ecbee095-6b03-691c-3dff-ee16dcd1d2ac}.Debug|Any CPU.ActiveCfg = Debug|Any CPU
		{ecbee095-6b03-691c-3dff-ee16dcd1d2ac}.Debug|Any CPU.Build.0 = Debug|Any CPU
		{4a29e264-4f2c-fe3e-0530-a4efa7c7dca4}.Debug|Any CPU.ActiveCfg = Debug|Any CPU
		{4a29e264-4f2c-fe3e-0530-a4efa7c7dca4}.Debug|Any CPU.Build.0 = Debug|Any CPU
		{36fb69f0-5329-fa37-fe26-d522299ca6a8}.Debug|Any CPU.ActiveCfg = Debug|Any CPU
		{36fb69f0-5329-fa37-fe26-d522299ca6a8}.Debug|Any CPU.Build.0 = Debug|Any CPU
		{3a7965fa-126b-ad5a-c66c-00e7ea4422de}.Debug|Any CPU.ActiveCfg = Debug|Any CPU
		{3a7965fa-126b-ad5a-c66c-00e7ea4422de}.Debug|Any CPU.Build.0 = Debug|Any CPU
		{fe9acee8-321e-5496-eb2f-ee7053209c13}.Debug|Any CPU.ActiveCfg = Debug|Any CPU
		{fe9acee8-321e-5496-eb2f-ee7053209c13}.Debug|Any CPU.Build.0 = Debug|Any CPU
		{2ba0b3f3-2ac9-635b-4a74-1f99f9c5944f}.Debug|Any CPU.ActiveCfg = Debug|Any CPU
		{2ba0b3f3-2ac9-635b-4a74-1f99f9c5944f}.Debug|Any CPU.Build.0 = Debug|Any CPU
		{83e20bac-d02f-d726-e5ef-f52452a99eda}.Debug|Any CPU.ActiveCfg = Debug|Any CPU
		{83e20bac-d02f-d726-e5ef-f52452a99eda}.Debug|Any CPU.Build.0 = Debug|Any CPU
		{b9400b85-f616-d4b8-7d7f-c72c9487fbc6}.Debug|Any CPU.ActiveCfg = Debug|Any CPU
		{b9400b85-f616-d4b8-7d7f-c72c9487fbc6}.Debug|Any CPU.Build.0 = Debug|Any CPU
		{619dcd18-3e66-760b-d198-3e255a86dcb7}.Debug|Any CPU.ActiveCfg = Debug|Any CPU
		{619dcd18-3e66-760b-d198-3e255a86dcb7}.Debug|Any CPU.Build.0 = Debug|Any CPU
		{f939a22b-5e96-df99-c8b1-d619acaeda5d}.Debug|Any CPU.ActiveCfg = Debug|Any CPU
		{f939a22b-5e96-df99-c8b1-d619acaeda5d}.Debug|Any CPU.Build.0 = Debug|Any CPU
		{25bfd473-6490-98e5-3594-e7855c4916a4}.Debug|Any CPU.ActiveCfg = Debug|Any CPU
		{25bfd473-6490-98e5-3594-e7855c4916a4}.Debug|Any CPU.Build.0 = Debug|Any CPU
		{2ab71e49-81a4-fe7e-5064-7e9867b945e1}.Debug|Any CPU.ActiveCfg = Debug|Any CPU
		{2ab71e49-81a4-fe7e-5064-7e9867b945e1}.Debug|Any CPU.Build.0 = Debug|Any CPU
		{cb26b78b-f65c-ac8a-67fd-652328808cdc}.Debug|Any CPU.ActiveCfg = Debug|Any CPU
		{cb26b78b-f65c-ac8a-67fd-652328808cdc}.Debug|Any CPU.Build.0 = Debug|Any CPU
		{e0e6e7fb-d164-5652-f542-ea74da64256a}.Debug|Any CPU.ActiveCfg = Debug|Any CPU
		{e0e6e7fb-d164-5652-f542-ea74da64256a}.Debug|Any CPU.Build.0 = Debug|Any CPU
		{c91a25d2-3ee0-2fae-a2a2-a434f4cf89ba}.Debug|Any CPU.ActiveCfg = Debug|Any CPU
		{c91a25d2-3ee0-2fae-a2a2-a434f4cf89ba}.Debug|Any CPU.Build.0 = Debug|Any CPU
		{36d7b44f-1e4a-9ab0-491a-7e9b5564f810}.Debug|Any CPU.ActiveCfg = Debug|Any CPU
		{36d7b44f-1e4a-9ab0-491a-7e9b5564f810}.Debug|Any CPU.Build.0 = Debug|Any CPU
		{9f76ce5b-602b-3708-6cda-78dd32194681}.Debug|Any CPU.ActiveCfg = Debug|Any CPU
		{9f76ce5b-602b-3708-6cda-78dd32194681}.Debug|Any CPU.Build.0 = Debug|Any CPU
		{fc70ef82-f02c-a9e5-5b53-dccf0e5cbcc4}.Debug|Any CPU.ActiveCfg = Debug|Any CPU
		{fc70ef82-f02c-a9e5-5b53-dccf0e5cbcc4}.Debug|Any CPU.Build.0 = Debug|Any CPU
		{0e96a549-667e-8dfc-25cb-74a4bfefeecf}.Debug|Any CPU.ActiveCfg = Debug|Any CPU
		{0e96a549-667e-8dfc-25cb-74a4bfefeecf}.Debug|Any CPU.Build.0 = Debug|Any CPU
		{b8e20881-d6f7-c1b2-e772-97996afb1884}.Debug|Any CPU.ActiveCfg = Debug|Any CPU
		{b8e20881-d6f7-c1b2-e772-97996afb1884}.Debug|Any CPU.Build.0 = Debug|Any CPU
		{73638425-0cf2-7d07-838b-54b8eac1ec1e}.Debug|Any CPU.ActiveCfg = Debug|Any CPU
		{73638425-0cf2-7d07-838b-54b8eac1ec1e}.Debug|Any CPU.Build.0 = Debug|Any CPU
		{c18a1920-84ca-dd5d-cd15-1874a4db352a}.Debug|Any CPU.ActiveCfg = Debug|Any CPU
		{c18a1920-84ca-dd5d-cd15-1874a4db352a}.Debug|Any CPU.Build.0 = Debug|Any CPU
		{719341be-1d9d-c9ac-5309-555fc4cb8055}.Debug|Any CPU.ActiveCfg = Debug|Any CPU
		{719341be-1d9d-c9ac-5309-555fc4cb8055}.Debug|Any CPU.Build.0 = Debug|Any CPU
		{7b704a3e-c89f-b1e8-0d3d-1bd64327350e}.Debug|Any CPU.ActiveCfg = Debug|Any CPU
		{7b704a3e-c89f-b1e8-0d3d-1bd64327350e}.Debug|Any CPU.Build.0 = Debug|Any CPU
		{8256f71e-c598-97b0-a741-0615eded65c1}.Debug|Any CPU.ActiveCfg = Debug|Any CPU
		{8256f71e-c598-97b0-a741-0615eded65c1}.Debug|Any CPU.Build.0 = Debug|Any CPU
		{67006d50-8a2e-c4b6-eebd-e8a6735d4981}.Debug|Any CPU.ActiveCfg = Debug|Any CPU
		{67006d50-8a2e-c4b6-eebd-e8a6735d4981}.Debug|Any CPU.Build.0 = Debug|Any CPU
		{8150078f-5fb2-ef69-1037-6737c0926219}.Debug|Any CPU.ActiveCfg = Debug|Any CPU
		{8150078f-5fb2-ef69-1037-6737c0926219}.Debug|Any CPU.Build.0 = Debug|Any CPU
		{2846f80d-e228-1707-d296-e7ec3c9745fd}.Debug|Any CPU.ActiveCfg = Debug|Any CPU
		{2846f80d-e228-1707-d296-e7ec3c9745fd}.Debug|Any CPU.Build.0 = Debug|Any CPU
		{9e79da16-2c3f-fc68-ed16-59d0a43fc83d}.Debug|Any CPU.ActiveCfg = Debug|Any CPU
		{9e79da16-2c3f-fc68-ed16-59d0a43fc83d}.Debug|Any CPU.Build.0 = Debug|Any CPU
		{3821cf9b-dc9a-ad08-f5fe-28b47d5002d3}.Debug|Any CPU.ActiveCfg = Debug|Any CPU
		{3821cf9b-dc9a-ad08-f5fe-28b47d5002d3}.Debug|Any CPU.Build.0 = Debug|Any CPU
		{82f589d7-77d0-6870-a8f6-075db27418f1}.Debug|Any CPU.ActiveCfg = Debug|Any CPU
		{82f589d7-77d0-6870-a8f6-075db27418f1}.Debug|Any CPU.Build.0 = Debug|Any CPU
		{14da8797-423d-3317-010d-5d1cf9b29741}.Debug|Any CPU.ActiveCfg = Debug|Any CPU
		{14da8797-423d-3317-010d-5d1cf9b29741}.Debug|Any CPU.Build.0 = Debug|Any CPU
	EndGlobalSection
	GlobalSection(SolutionProperties) = preSolution
		HideSolutionNode = FALSE
	EndGlobalSection
EndGlobal
